// !$*UTF8*$!
{
	archiveVersion = 1;
	classes = {
	};
	objectVersion = 46;
	objects = {

/* Begin PBXBuildFile section */
		F4DE1ECC18C3A338001D357D /* main.cpp in Sources */ = {isa = PBXBuildFile; fileRef = F4DE1ECB18C3A338001D357D /* main.cpp */; };
		F4DE1ECE18C3A338001D357D /* Assignment_5.1 in CopyFiles */ = {isa = PBXBuildFile; fileRef = F4DE1ECD18C3A338001D357D /* Assignment_5.1 */; };
		F4DE1ED518C3A3A8001D357D /* libcppUnitLite2.a in Frameworks */ = {isa = PBXBuildFile; fileRef = F4DE1ED418C3A3A8001D357D /* libcppUnitLite2.a */; };
		F4DE1ED818C3A478001D357D /* Queue.cpp in Sources */ = {isa = PBXBuildFile; fileRef = F4DE1ED618C3A478001D357D /* Queue.cpp */; };
		F4DE1EDA18C3A48D001D357D /* queueTest.cpp in Sources */ = {isa = PBXBuildFile; fileRef = F4DE1ED918C3A48D001D357D /* queueTest.cpp */; };
/* End PBXBuildFile section */

/* Begin PBXCopyFilesBuildPhase section */
		F4DE1EC618C3A338001D357D /* CopyFiles */ = {
			isa = PBXCopyFilesBuildPhase;
			buildActionMask = 2147483647;
			dstPath = /usr/share/man/man1/;
			dstSubfolderSpec = 0;
			files = (
				F4DE1ECE18C3A338001D357D /* Assignment_5.1 in CopyFiles */,
			);
			runOnlyForDeploymentPostprocessing = 1;
		};
/* End PBXCopyFilesBuildPhase section */

/* Begin PBXFileReference section */
		F4DE1EC818C3A338001D357D /* Assignment 5 */ = {isa = PBXFileReference; explicitFileType = "compiled.mach-o.executable"; includeInIndex = 0; path = "Assignment 5"; sourceTree = BUILT_PRODUCTS_DIR; };
		F4DE1ECB18C3A338001D357D /* main.cpp */ = {isa = PBXFileReference; lastKnownFileType = sourcecode.cpp.cpp; path = main.cpp; sourceTree = "<group>"; };
		F4DE1ECD18C3A338001D357D /* Assignment_5.1 */ = {isa = PBXFileReference; lastKnownFileType = text.man; path = Assignment_5.1; sourceTree = "<group>"; };
		F4DE1ED418C3A3A8001D357D /* libcppUnitLite2.a */ = {isa = PBXFileReference; lastKnownFileType = archive.ar; name = libcppUnitLite2.a; path = ../../../../../../usr/local/lib/libcppUnitLite2.a; sourceTree = "<group>"; };
		F4DE1ED618C3A478001D357D /* Queue.cpp */ = {isa = PBXFileReference; fileEncoding = 4; lastKnownFileType = sourcecode.cpp.cpp; path = Queue.cpp; sourceTree = "<group>"; };
		F4DE1ED718C3A478001D357D /* Queue.h */ = {isa = PBXFileReference; fileEncoding = 4; lastKnownFileType = sourcecode.c.h; path = Queue.h; sourceTree = "<group>"; };
		F4DE1ED918C3A48D001D357D /* queueTest.cpp */ = {isa = PBXFileReference; fileEncoding = 4; lastKnownFileType = sourcecode.cpp.cpp; path = queueTest.cpp; sourceTree = "<group>"; };
/* End PBXFileReference section */

/* Begin PBXFrameworksBuildPhase section */
		F4DE1EC518C3A338001D357D /* Frameworks */ = {
			isa = PBXFrameworksBuildPhase;
			buildActionMask = 2147483647;
			files = (
				F4DE1ED518C3A3A8001D357D /* libcppUnitLite2.a in Frameworks */,
			);
			runOnlyForDeploymentPostprocessing = 0;
		};
/* End PBXFrameworksBuildPhase section */

/* Begin PBXGroup section */
		F4DE1EBF18C3A338001D357D = {
			isa = PBXGroup;
			children = (
				F4DE1ED418C3A3A8001D357D /* libcppUnitLite2.a */,
				F4DE1ECA18C3A338001D357D /* Assignment 5 */,
				F4DE1EC918C3A338001D357D /* Products */,
			);
			sourceTree = "<group>";
		};
		F4DE1EC918C3A338001D357D /* Products */ = {
			isa = PBXGroup;
			children = (
				F4DE1EC818C3A338001D357D /* Assignment 5 */,
			);
			name = Products;
			sourceTree = "<group>";
		};
		F4DE1ECA18C3A338001D357D /* Assignment 5 */ = {
			isa = PBXGroup;
			children = (
				F4DE1ECB18C3A338001D357D /* main.cpp */,
				F4DE1ED618C3A478001D357D /* Queue.cpp */,
				F4DE1ED718C3A478001D357D /* Queue.h */,
				F4DE1ECD18C3A338001D357D /* Assignment_5.1 */,
				F4DE1ED918C3A48D001D357D /* queueTest.cpp */,
			);
			path = "Assignment 5";
			sourceTree = "<group>";
		};
/* End PBXGroup section */

/* Begin PBXNativeTarget section */
		F4DE1EC718C3A338001D357D /* Assignment 5 */ = {
			isa = PBXNativeTarget;
			buildConfigurationList = F4DE1ED118C3A338001D357D /* Build configuration list for PBXNativeTarget "Assignment 5" */;
			buildPhases = (
				F4DE1EC418C3A338001D357D /* Sources */,
				F4DE1EC518C3A338001D357D /* Frameworks */,
				F4DE1EC618C3A338001D357D /* CopyFiles */,
			);
			buildRules = (
			);
			dependencies = (
			);
			name = "Assignment 5";
			productName = "Assignment 5";
			productReference = F4DE1EC818C3A338001D357D /* Assignment 5 */;
			productType = "com.apple.product-type.tool";
		};
/* End PBXNativeTarget section */

/* Begin PBXProject section */
		F4DE1EC018C3A338001D357D /* Project object */ = {
			isa = PBXProject;
			attributes = {
				LastUpgradeCheck = 0460;
				ORGANIZATIONNAME = "Steve Minor";
			};
			buildConfigurationList = F4DE1EC318C3A338001D357D /* Build configuration list for PBXProject "Assignment 5" */;
			compatibilityVersion = "Xcode 3.2";
			developmentRegion = English;
			hasScannedForEncodings = 0;
			knownRegions = (
				en,
			);
			mainGroup = F4DE1EBF18C3A338001D357D;
			productRefGroup = F4DE1EC918C3A338001D357D /* Products */;
			projectDirPath = "";
			projectRoot = "";
			targets = (
				F4DE1EC718C3A338001D357D /* Assignment 5 */,
			);
		};
/* End PBXProject section */

/* Begin PBXSourcesBuildPhase section */
		F4DE1EC418C3A338001D357D /* Sources */ = {
			isa = PBXSourcesBuildPhase;
			buildActionMask = 2147483647;
			files = (
				F4DE1ECC18C3A338001D357D /* main.cpp in Sources */,
				F4DE1ED818C3A478001D357D /* Queue.cpp in Sources */,
				F4DE1EDA18C3A48D001D357D /* queueTest.cpp in Sources */,
			);
			runOnlyForDeploymentPostprocessing = 0;
		};
/* End PBXSourcesBuildPhase section */

/* Begin XCBuildConfiguration section */
		F4DE1ECF18C3A338001D357D /* Debug */ = {
			isa = XCBuildConfiguration;
			buildSettings = {
				ALWAYS_SEARCH_USER_PATHS = NO;
				ARCHS = "$(ARCHS_STANDARD_64_BIT)";
				CLANG_CXX_LANGUAGE_STANDARD = "gnu++0x";
				CLANG_CXX_LIBRARY = "libc++";
				CLANG_WARN_CONSTANT_CONVERSION = YES;
				CLANG_WARN_EMPTY_BODY = YES;
				CLANG_WARN_ENUM_CONVERSION = YES;
				CLANG_WARN_INT_CONVERSION = YES;
				CLANG_WARN__DUPLICATE_METHOD_MATCH = YES;
				COPY_PHASE_STRIP = NO;
				GCC_C_LANGUAGE_STANDARD = gnu99;
				GCC_DYNAMIC_NO_PIC = NO;
				GCC_ENABLE_OBJC_EXCEPTIONS = YES;
				GCC_OPTIMIZATION_LEVEL = 0;
				GCC_PREPROCESSOR_DEFINITIONS = (
					"DEBUG=1",
					"$(inherited)",
				);
				GCC_SYMBOLS_PRIVATE_EXTERN = NO;
				GCC_WARN_64_TO_32_BIT_CONVERSION = YES;
				GCC_WARN_ABOUT_RETURN_TYPE = YES;
				GCC_WARN_UNINITIALIZED_AUTOS = YES;
				GCC_WARN_UNUSED_VARIABLE = YES;
				MACOSX_DEPLOYMENT_TARGET = 10.7;
				ONLY_ACTIVE_ARCH = YES;
				SDKROOT = macosx;
			};
			name = Debug;
		};
		F4DE1ED018C3A338001D357D /* Release */ = {
			isa = XCBuildConfiguration;
			buildSettings = {
				ALWAYS_SEARCH_USER_PATHS = NO;
				ARCHS = "$(ARCHS_STANDARD_64_BIT)";
				CLANG_CXX_LANGUAGE_STANDARD = "gnu++0x";
				CLANG_CXX_LIBRARY = "libc++";
				CLANG_WARN_CONSTANT_CONVERSION = YES;
				CLANG_WARN_EMPTY_BODY = YES;
				CLANG_WARN_ENUM_CONVERSION = YES;
				CLANG_WARN_INT_CONVERSION = YES;
				CLANG_WARN__DUPLICATE_METHOD_MATCH = YES;
				COPY_PHASE_STRIP = YES;
				DEBUG_INFORMATION_FORMAT = "dwarf-with-dsym";
				GCC_C_LANGUAGE_STANDARD = gnu99;
				GCC_ENABLE_OBJC_EXCEPTIONS = YES;
				GCC_WARN_64_TO_32_BIT_CONVERSION = YES;
				GCC_WARN_ABOUT_RETURN_TYPE = YES;
				GCC_WARN_UNINITIALIZED_AUTOS = YES;
				GCC_WARN_UNUSED_VARIABLE = YES;
				MACOSX_DEPLOYMENT_TARGET = 10.7;
				SDKROOT = macosx;
			};
			name = Release;
		};
		F4DE1ED218C3A338001D357D /* Debug */ = {
			isa = XCBuildConfiguration;
			buildSettings = {
				ALWAYS_SEARCH_USER_PATHS = YES;
				LIBRARY_SEARCH_PATHS = /usr/local/lib;
				PRODUCT_NAME = "$(TARGET_NAME)";
				USER_HEADER_SEARCH_PATHS = "\"$(SRCROOT)/../CppUnitLite\"";
			};
			name = Debug;
		};
		F4DE1ED318C3A338001D357D /* Release */ = {
			isa = XCBuildConfiguration;
			buildSettings = {
				ALWAYS_SEARCH_USER_PATHS = YES;
				LIBRARY_SEARCH_PATHS = /usr/local/lib;
				PRODUCT_NAME = "$(TARGET_NAME)";
				USER_HEADER_SEARCH_PATHS = "\"$(SRCROOT)/../CppUnitLite\"";
			};
			name = Release;
		};
/* End XCBuildConfiguration section */

/* Begin XCConfigurationList section */
		F4DE1EC318C3A338001D357D /* Build configuration list for PBXProject "Assignment 5" */ = {
			isa = XCConfigurationList;
			buildConfigurations = (
				F4DE1ECF18C3A338001D357D /* Debug */,
				F4DE1ED018C3A338001D357D /* Release */,
			);
			defaultConfigurationIsVisible = 0;
			defaultConfigurationName = Release;
		};
		F4DE1ED118C3A338001D357D /* Build configuration list for PBXNativeTarget "Assignment 5" */ = {
			isa = XCConfigurationList;
			buildConfigurations = (
				F4DE1ED218C3A338001D357D /* Debug */,
				F4DE1ED318C3A338001D357D /* Release */,
			);
			defaultConfigurationIsVisible = 0;
		};
/* End XCConfigurationList section */
	};
	rootObject = F4DE1EC018C3A338001D357D /* Project object */;
}
